
Microsoft Visual Studio Solution File, Format Version 12.00
# Visual Studio 15
Project("{FAE04EC0-301F-11D3-BF4B-00C04F79EFBC}") = "War Song", "War Song.csproj", "{D67DF6AA-3E6E-CE90-7691-A4B3C6F82160}"
EndProject
Global
	GlobalSection(SolutionConfigurationPlatforms) = preSolution
		Debug|Any CPU = Debug|Any CPU
		Release|Any CPU = Release|Any CPU
	EndGlobalSection
	GlobalSection(ProjectConfigurationPlatforms) = postSolution
		{D67DF6AA-3E6E-CE90-7691-A4B3C6F82160}.Debug|Any CPU.ActiveCfg = Debug|Any CPU
		{D67DF6AA-3E6E-CE90-7691-A4B3C6F82160}.Debug|Any CPU.Build.0 = Debug|Any CPU
		{D67DF6AA-3E6E-CE90-7691-A4B3C6F82160}.Release|Any CPU.ActiveCfg = Release|Any CPU
		{D67DF6AA-3E6E-CE90-7691-A4B3C6F82160}.Release|Any CPU.Build.0 = Release|Any CPU
	EndGlobalSection
	GlobalSection(SolutionProperties) = preSolution
		HideSolutionNode = FALSE
	EndGlobalSection
EndGlobal
